
Microsoft Visual Studio Solution File, Format Version 12.00
# Visual Studio Version 16
VisualStudioVersion = 16.0.31129.286
MinimumVisualStudioVersion = 10.0.40219.1
Project("{FAE04EC0-301F-11D3-BF4B-00C04F79EFBC}") = "Rudolf_Inventory", "Rudolf_Inventory\Rudolf_Inventory.csproj", "{1423805E-29E9-4AFC-AC18-E266AFF92042}"
EndProject
Global
	GlobalSection(SolutionConfigurationPlatforms) = preSolution
		Debug|Any CPU = Debug|Any CPU
		Release|Any CPU = Release|Any CPU
	EndGlobalSection
	GlobalSection(ProjectConfigurationPlatforms) = postSolution
		{1423805E-29E9-4AFC-AC18-E266AFF92042}.Debug|Any CPU.ActiveCfg = Debug|Any CPU
		{1423805E-29E9-4AFC-AC18-E266AFF92042}.Debug|Any CPU.Build.0 = Debug|Any CPU
		{1423805E-29E9-4AFC-AC18-E266AFF92042}.Release|Any CPU.ActiveCfg = Release|Any CPU
		{1423805E-29E9-4AFC-AC18-E266AFF92042}.Release|Any CPU.Build.0 = Release|Any CPU
	EndGlobalSection
	GlobalSection(SolutionProperties) = preSolution
		HideSolutionNode = FALSE
	EndGlobalSection
	GlobalSection(ExtensibilityGlobals) = postSolution
		SolutionGuid = {4904D359-13B0-44F7-8480-308A5EE03CF0}
	EndGlobalSection
EndGlobal
